
Microsoft Visual Studio Solution File, Format Version 12.00
# Visual Studio Version 17
VisualStudioVersion = 17.0.32014.148
MinimumVisualStudioVersion = 10.0.40219.1
Project("{9A19103F-16F7-4668-BE54-9A1E7A4F7556}") = "WallpaperChanger", "WallpaperChanger\WallpaperChanger.csproj", "{F2BD21BF-AB33-48D0-A333-764EEC91513E}"
EndProject
Global
	GlobalSection(SolutionConfigurationPlatforms) = preSolution
		Debug|Any CPU = Debug|Any CPU
		Release|Any CPU = Release|Any CPU
	EndGlobalSection
	GlobalSection(ProjectConfigurationPlatforms) = postSolution
		{F2BD21BF-AB33-48D0-A333-764EEC91513E}.Debug|Any CPU.ActiveCfg = Debug|Any CPU
		{F2BD21BF-AB33-48D0-A333-764EEC91513E}.Debug|Any CPU.Build.0 = Debug|Any CPU
		{F2BD21BF-AB33-48D0-A333-764EEC91513E}.Release|Any CPU.ActiveCfg = Release|Any CPU
		{F2BD21BF-AB33-48D0-A333-764EEC91513E}.Release|Any CPU.Build.0 = Release|Any CPU
	EndGlobalSection
	GlobalSection(SolutionProperties) = preSolution
		HideSolutionNode = FALSE
	EndGlobalSection
	GlobalSection(ExtensibilityGlobals) = postSolution
		SolutionGuid = {1E942723-5B90-418A-AE51-102A3CA74275}
	EndGlobalSection
EndGlobal
